
Microsoft Visual Studio Solution File, Format Version 12.00
# Visual Studio Version 17
VisualStudioVersion = 17.8.34408.163
MinimumVisualStudioVersion = 10.0.40219.1
Project("{FAE04EC0-301F-11D3-BF4B-00C04F79EFBC}") = "C#_", "C#_.csproj", "{534E7113-6E57-442F-ABA0-6E526150BBC8}"
EndProject
Global
	GlobalSection(SolutionConfigurationPlatforms) = preSolution
		Debug|Any CPU = Debug|Any CPU
		Release|Any CPU = Release|Any CPU
	EndGlobalSection
	GlobalSection(ProjectConfigurationPlatforms) = postSolution
		{534E7113-6E57-442F-ABA0-6E526150BBC8}.Debug|Any CPU.ActiveCfg = Debug|Any CPU
		{534E7113-6E57-442F-ABA0-6E526150BBC8}.Debug|Any CPU.Build.0 = Debug|Any CPU
		{534E7113-6E57-442F-ABA0-6E526150BBC8}.Release|Any CPU.ActiveCfg = Release|Any CPU
		{534E7113-6E57-442F-ABA0-6E526150BBC8}.Release|Any CPU.Build.0 = Release|Any CPU
	EndGlobalSection
	GlobalSection(SolutionProperties) = preSolution
		HideSolutionNode = FALSE
	EndGlobalSection
	GlobalSection(ExtensibilityGlobals) = postSolution
		SolutionGuid = {2FFFEE6F-5B47-4558-B78A-B0AE1FB29E3E}
	EndGlobalSection
EndGlobal
